{
  "name": "eit",
  "version": "1.0.0",
  "lockfileVersion": 2,
  "requires": true,
  "packages": {
    "": {
      "name": "eit",
      "version": "1.0.0",
      "license": "ISC",
      "dependencies": {
        "@elfalem/leaflet-curve": "^0.8.2",
        "add": "^2.0.6",
        "bootstrap": "^5.1.1",
        "leaflet": "^1.7.1",
        "leaflet-arrowheads": "^1.2.3",
        "leaflet-curve": "^1.0.0",
        "leaflet-geometryutil": "^0.9.3",
        "leaflet-polylinedecorator": "^1.6.0",
        "leaflet-polylineoffset": "^1.1.1",
        "leaflet-rotatedmarker": "^0.2.0",
        "leaflet-swoopy": "^3.4.1",
        "leaflet-tooltip": "^1.0.4",
        "yarn": "^1.22.11"
      }
    },
    "node_modules/@elfalem/leaflet-curve": {
      "version": "0.8.2",
      "resolved": "https://registry.npmjs.org/@elfalem/leaflet-curve/-/leaflet-curve-0.8.2.tgz",
      "integrity": "sha512-tvFhCXvKCdJMl5LnH0jf7mRRqAZKSzRMfmkiu/weUOk73jvm1mmry0w0L5Jg2RRnpNNJbJNzGamArOA1MK6pfQ==",
      "optionalDependencies": {
        "@tweenjs/tween.js": "^17.2.0"
      },
      "peerDependencies": {
        "leaflet": "^1.1.0"
      }
    },
    "node_modules/@popperjs/core": {
      "version": "2.10.1",
      "resolved": "https://registry.npmjs.org/@popperjs/core/-/core-2.10.1.tgz",
      "integrity": "sha512-HnUhk1Sy9IuKrxEMdIRCxpIqPw6BFsbYSEUO9p/hNw5sMld/+3OLMWQP80F8/db9qsv3qUjs7ZR5bS/R+iinXw==",
      "peer": true,
      "funding": {
        "type": "opencollective",
        "url": "https://opencollective.com/popperjs"
      }
    },
    "node_modules/@turf/bbox": {
      "version": "5.1.5",
      "resolved": "https://registry.npmjs.org/@turf/bbox/-/bbox-5.1.5.tgz",
      "integrity": "sha1-MFHfUUrUxQ9KT5uKLRX9i2hA7aM=",
      "dependencies": {
        "@turf/helpers": "^5.1.5",
        "@turf/meta": "^5.1.5"
      }
    },
    "node_modules/@turf/center": {
      "version": "5.1.5",
      "resolved": "https://registry.npmjs.org/@turf/center/-/center-5.1.5.tgz",
      "integrity": "sha1-RKss2VT2PA03dX9xWKmcPvURS4A=",
      "dependencies": {
        "@turf/bbox": "^5.1.5",
        "@turf/helpers": "^5.1.5"
      }
    },
    "node_modules/@turf/helpers": {
      "version": "5.1.5",
      "resolved": "https://registry.npmjs.org/@turf/helpers/-/helpers-5.1.5.tgz",
      "integrity": "sha1-FTQFInq5M9AEpbuWQantmZ/L4M8="
    },
    "node_modules/@turf/meta": {
      "version": "5.2.0",
      "resolved": "https://registry.npmjs.org/@turf/meta/-/meta-5.2.0.tgz",
      "integrity": "sha1-OxrUhe4MOwsXdRMqMsOE1T5LpT0=",
      "dependencies": {
        "@turf/helpers": "^5.1.5"
      }
    },
    "node_modules/@tweenjs/tween.js": {
      "version": "17.6.0",
      "resolved": "https://registry.npmjs.org/@tweenjs/tween.js/-/tween.js-17.6.0.tgz",
      "integrity": "sha512-utSXj0WHi4qr/iyfFHGMJBaL+ixQ2N7BAmx1R5g8jBqykJfjBUQ0hKWwXf767hbALC3zOoOIofKYSDWu5n04JQ==",
      "optional": true
    },
    "node_modules/@webk1d/leaflet-curve": {
      "version": "1.0.0",
      "resolved": "https://registry.npmjs.org/@webk1d/leaflet-curve/-/leaflet-curve-1.0.0.tgz",
      "integrity": "sha512-TvhiNuSk/+mfoPn28GuX1zSH9N2O0W/5FIGl8WUPAWDqyh9UcC3d+0Y8zbrSQbXquy3Mq7tQfwn/kgxum3/AWg=="
    },
    "node_modules/add": {
      "version": "2.0.6",
      "resolved": "https://registry.npmjs.org/add/-/add-2.0.6.tgz",
      "integrity": "sha1-JI8Kn25aUo7yKV2+7DBTITCuIjU="
    },
    "node_modules/bootstrap": {
      "version": "5.1.1",
      "resolved": "https://registry.npmjs.org/bootstrap/-/bootstrap-5.1.1.tgz",
      "integrity": "sha512-/jUa4sSuDZWlDLQ1gwQQR8uoYSvLJzDd8m5o6bPKh3asLAMYVZKdRCjb1joUd5WXf0WwCNzd2EjwQQhupou0dA==",
      "funding": {
        "type": "opencollective",
        "url": "https://opencollective.com/bootstrap"
      },
      "peerDependencies": {
        "@popperjs/core": "^2.10.1"
      }
    },
    "node_modules/leaflet": {
      "version": "1.7.1",
      "resolved": "https://registry.npmjs.org/leaflet/-/leaflet-1.7.1.tgz",
      "integrity": "sha512-/xwPEBidtg69Q3HlqPdU3DnrXQOvQU/CCHA1tcDQVzOwm91YMYaILjNp7L4Eaw5Z4sOYdbBz6koWyibppd8Zqw=="
    },
    "node_modules/leaflet-arrowheads": {
      "version": "1.2.3",
      "resolved": "https://registry.npmjs.org/leaflet-arrowheads/-/leaflet-arrowheads-1.2.3.tgz",
      "integrity": "sha512-AbsMcGLQv+X2vc3sVQrdl9GHB6uNRqJT8yKg9HAy0pq5Vuy0drJufTbD7H0sixx3F/ylR5zOA8hXIojyZXPxhA==",
      "dependencies": {
        "leaflet": "^1.6.0",
        "leaflet-geometryutil": "^0.9.3"
      }
    },
    "node_modules/leaflet-curve": {
      "version": "1.0.0",
      "resolved": "https://registry.npmjs.org/leaflet-curve/-/leaflet-curve-1.0.0.tgz",
      "integrity": "sha1-kFMDjFn4Yw/4K7VdMAn9AXw8hgI="
    },
    "node_modules/leaflet-geometryutil": {
      "version": "0.9.3",
      "resolved": "https://registry.npmjs.org/leaflet-geometryutil/-/leaflet-geometryutil-0.9.3.tgz",
      "integrity": "sha512-Wi6YvfNx/Xu9q35AEfXpsUXmIFLen/MO+C2qimxHRnjyeyOxBhdcZa6kSiReaOX0cGK7yQInqrzz0dkIqZ8Dpg==",
      "dependencies": {
        "leaflet": ">=0.7.0"
      }
    },
    "node_modules/leaflet-polylinedecorator": {
      "version": "1.6.0",
      "resolved": "https://registry.npmjs.org/leaflet-polylinedecorator/-/leaflet-polylinedecorator-1.6.0.tgz",
      "integrity": "sha1-nvef0bUwLWe3Lv6Vmo7NJVPycmY=",
      "dependencies": {
        "leaflet-rotatedmarker": "^0.2.0"
      }
    },
    "node_modules/leaflet-polylineoffset": {
      "version": "1.1.1",
      "resolved": "https://registry.npmjs.org/leaflet-polylineoffset/-/leaflet-polylineoffset-1.1.1.tgz",
      "integrity": "sha512-WcEjAROx9IhIVwSMoFy9p2QBCG9YeuGtJl4ZdunIgj4xbCdTrUkBj8JdonUeCyLPnD2/Vrem/raOPHm5LvebSw=="
    },
    "node_modules/leaflet-rotatedmarker": {
      "version": "0.2.0",
      "resolved": "https://registry.npmjs.org/leaflet-rotatedmarker/-/leaflet-rotatedmarker-0.2.0.tgz",
      "integrity": "sha1-RGf0n5jRv9VpWb2cZwUgPdJgEnc="
    },
    "node_modules/leaflet-swoopy": {
      "version": "3.4.1",
      "resolved": "https://registry.npmjs.org/leaflet-swoopy/-/leaflet-swoopy-3.4.1.tgz",
      "integrity": "sha512-3JdzemeRQtota+wWpRhlpHD+jhw17eZ5McLdP+Z1BZIIADCQ+sM2lJ5GgUvvwbb0LPaidhqJfmx00WNqKoaP/A==",
      "dependencies": {
        "@turf/center": "^5.1.5",
        "@turf/helpers": "^5.1.5",
        "@webk1d/leaflet-curve": "^1.0.0",
        "leaflet": "^1.1.0"
      }
    },
    "node_modules/leaflet-tooltip": {
      "version": "1.0.4",
      "resolved": "https://registry.npmjs.org/leaflet-tooltip/-/leaflet-tooltip-1.0.4.tgz",
      "integrity": "sha512-CgF0BbGAfdf4HM/wlB+e8yh1OMqDtrj0DSe6eAnJ8UlrAYoYeSGDmsFyyjIeMUg1nAyZKGlvk0u7v2mvK3D73A=="
    },
    "node_modules/yarn": {
      "version": "1.22.11",
      "resolved": "https://registry.npmjs.org/yarn/-/yarn-1.22.11.tgz",
      "integrity": "sha512-AWje4bzqO9RUn3sdnM5N8n4ZJ0BqCc/kqFJvpOI5/EVkINXui0yuvU7NDCEF//+WaxHuNay2uOHxA4+tq1P3cg==",
      "hasInstallScript": true,
      "bin": {
        "yarn": "bin/yarn.js",
        "yarnpkg": "bin/yarn.js"
      },
      "engines": {
        "node": ">=4.0.0"
      }
    }
  },
  "dependencies": {
    "@elfalem/leaflet-curve": {
      "version": "0.8.2",
      "resolved": "https://registry.npmjs.org/@elfalem/leaflet-curve/-/leaflet-curve-0.8.2.tgz",
      "integrity": "sha512-tvFhCXvKCdJMl5LnH0jf7mRRqAZKSzRMfmkiu/weUOk73jvm1mmry0w0L5Jg2RRnpNNJbJNzGamArOA1MK6pfQ==",
      "requires": {
        "@tweenjs/tween.js": "^17.2.0"
      }
    },
    "@popperjs/core": {
      "version": "2.10.1",
      "resolved": "https://registry.npmjs.org/@popperjs/core/-/core-2.10.1.tgz",
      "integrity": "sha512-HnUhk1Sy9IuKrxEMdIRCxpIqPw6BFsbYSEUO9p/hNw5sMld/+3OLMWQP80F8/db9qsv3qUjs7ZR5bS/R+iinXw==",
      "peer": true
    },
    "@turf/bbox": {
      "version": "5.1.5",
      "resolved": "https://registry.npmjs.org/@turf/bbox/-/bbox-5.1.5.tgz",
      "integrity": "sha1-MFHfUUrUxQ9KT5uKLRX9i2hA7aM=",
      "requires": {
        "@turf/helpers": "^5.1.5",
        "@turf/meta": "^5.1.5"
      }
    },
    "@turf/center": {
      "version": "5.1.5",
      "resolved": "https://registry.npmjs.org/@turf/center/-/center-5.1.5.tgz",
      "integrity": "sha1-RKss2VT2PA03dX9xWKmcPvURS4A=",
      "requires": {
        "@turf/bbox": "^5.1.5",
        "@turf/helpers": "^5.1.5"
      }
    },
    "@turf/helpers": {
      "version": "5.1.5",
      "resolved": "https://registry.npmjs.org/@turf/helpers/-/helpers-5.1.5.tgz",
      "integrity": "sha1-FTQFInq5M9AEpbuWQantmZ/L4M8="
    },
    "@turf/meta": {
      "version": "5.2.0",
      "resolved": "https://registry.npmjs.org/@turf/meta/-/meta-5.2.0.tgz",
      "integrity": "sha1-OxrUhe4MOwsXdRMqMsOE1T5LpT0=",
      "requires": {
        "@turf/helpers": "^5.1.5"
      }
    },
    "@tweenjs/tween.js": {
      "version": "17.6.0",
      "resolved": "https://registry.npmjs.org/@tweenjs/tween.js/-/tween.js-17.6.0.tgz",
      "integrity": "sha512-utSXj0WHi4qr/iyfFHGMJBaL+ixQ2N7BAmx1R5g8jBqykJfjBUQ0hKWwXf767hbALC3zOoOIofKYSDWu5n04JQ==",
      "optional": true
    },
    "@webk1d/leaflet-curve": {
      "version": "1.0.0",
      "resolved": "https://registry.npmjs.org/@webk1d/leaflet-curve/-/leaflet-curve-1.0.0.tgz",
      "integrity": "sha512-TvhiNuSk/+mfoPn28GuX1zSH9N2O0W/5FIGl8WUPAWDqyh9UcC3d+0Y8zbrSQbXquy3Mq7tQfwn/kgxum3/AWg=="
    },
    "add": {
      "version": "2.0.6",
      "resolved": "https://registry.npmjs.org/add/-/add-2.0.6.tgz",
      "integrity": "sha1-JI8Kn25aUo7yKV2+7DBTITCuIjU="
    },
    "bootstrap": {
      "version": "5.1.1",
      "resolved": "https://registry.npmjs.org/bootstrap/-/bootstrap-5.1.1.tgz",
      "integrity": "sha512-/jUa4sSuDZWlDLQ1gwQQR8uoYSvLJzDd8m5o6bPKh3asLAMYVZKdRCjb1joUd5WXf0WwCNzd2EjwQQhupou0dA==",
      "requires": {}
    },
    "leaflet": {
      "version": "1.7.1",
      "resolved": "https://registry.npmjs.org/leaflet/-/leaflet-1.7.1.tgz",
      "integrity": "sha512-/xwPEBidtg69Q3HlqPdU3DnrXQOvQU/CCHA1tcDQVzOwm91YMYaILjNp7L4Eaw5Z4sOYdbBz6koWyibppd8Zqw=="
    },
    "leaflet-arrowheads": {
      "version": "1.2.3",
      "resolved": "https://registry.npmjs.org/leaflet-arrowheads/-/leaflet-arrowheads-1.2.3.tgz",
      "integrity": "sha512-AbsMcGLQv+X2vc3sVQrdl9GHB6uNRqJT8yKg9HAy0pq5Vuy0drJufTbD7H0sixx3F/ylR5zOA8hXIojyZXPxhA==",
      "requires": {
        "leaflet": "^1.6.0",
        "leaflet-geometryutil": "^0.9.3"
      }
    },
    "leaflet-curve": {
      "version": "1.0.0",
      "resolved": "https://registry.npmjs.org/leaflet-curve/-/leaflet-curve-1.0.0.tgz",
      "integrity": "sha1-kFMDjFn4Yw/4K7VdMAn9AXw8hgI="
    },
    "leaflet-geometryutil": {
      "version": "0.9.3",
      "resolved": "https://registry.npmjs.org/leaflet-geometryutil/-/leaflet-geometryutil-0.9.3.tgz",
      "integrity": "sha512-Wi6YvfNx/Xu9q35AEfXpsUXmIFLen/MO+C2qimxHRnjyeyOxBhdcZa6kSiReaOX0cGK7yQInqrzz0dkIqZ8Dpg==",
      "requires": {
        "leaflet": ">=0.7.0"
      }
    },
    "leaflet-polylinedecorator": {
      "version": "1.6.0",
      "resolved": "https://registry.npmjs.org/leaflet-polylinedecorator/-/leaflet-polylinedecorator-1.6.0.tgz",
      "integrity": "sha1-nvef0bUwLWe3Lv6Vmo7NJVPycmY=",
      "requires": {
        "leaflet-rotatedmarker": "^0.2.0"
      }
    },
    "leaflet-polylineoffset": {
      "version": "1.1.1",
      "resolved": "https://registry.npmjs.org/leaflet-polylineoffset/-/leaflet-polylineoffset-1.1.1.tgz",
      "integrity": "sha512-WcEjAROx9IhIVwSMoFy9p2QBCG9YeuGtJl4ZdunIgj4xbCdTrUkBj8JdonUeCyLPnD2/Vrem/raOPHm5LvebSw=="
    },
    "leaflet-rotatedmarker": {
      "version": "0.2.0",
      "resolved": "https://registry.npmjs.org/leaflet-rotatedmarker/-/leaflet-rotatedmarker-0.2.0.tgz",
      "integrity": "sha1-RGf0n5jRv9VpWb2cZwUgPdJgEnc="
    },
    "leaflet-swoopy": {
      "version": "3.4.1",
      "resolved": "https://registry.npmjs.org/leaflet-swoopy/-/leaflet-swoopy-3.4.1.tgz",
      "integrity": "sha512-3JdzemeRQtota+wWpRhlpHD+jhw17eZ5McLdP+Z1BZIIADCQ+sM2lJ5GgUvvwbb0LPaidhqJfmx00WNqKoaP/A==",
      "requires": {
        "@turf/center": "^5.1.5",
        "@turf/helpers": "^5.1.5",
        "@webk1d/leaflet-curve": "^1.0.0",
        "leaflet": "^1.1.0"
      }
    },
    "leaflet-tooltip": {
      "version": "1.0.4",
      "resolved": "https://registry.npmjs.org/leaflet-tooltip/-/leaflet-tooltip-1.0.4.tgz",
      "integrity": "sha512-CgF0BbGAfdf4HM/wlB+e8yh1OMqDtrj0DSe6eAnJ8UlrAYoYeSGDmsFyyjIeMUg1nAyZKGlvk0u7v2mvK3D73A=="
    },
    "yarn": {
      "version": "1.22.11",
      "resolved": "https://registry.npmjs.org/yarn/-/yarn-1.22.11.tgz",
      "integrity": "sha512-AWje4bzqO9RUn3sdnM5N8n4ZJ0BqCc/kqFJvpOI5/EVkINXui0yuvU7NDCEF//+WaxHuNay2uOHxA4+tq1P3cg=="
    }
  }
}
